
Microsoft Visual Studio Solution File, Format Version 12.00
# Visual Studio Version 16
VisualStudioVersion = 16.0.31613.86
MinimumVisualStudioVersion = 10.0.40219.1
Project("{FAE04EC0-301F-11D3-BF4B-00C04F79EFBC}") = "PhoneBookApp", "PhoneBookApp.csproj", "{14DB22F4-349C-43EB-A871-4A8D9AB63084}"
EndProject
Global
	GlobalSection(SolutionConfigurationPlatforms) = preSolution
		Debug|Any CPU = Debug|Any CPU
		Release|Any CPU = Release|Any CPU
	EndGlobalSection
	GlobalSection(ProjectConfigurationPlatforms) = postSolution
		{14DB22F4-349C-43EB-A871-4A8D9AB63084}.Debug|Any CPU.ActiveCfg = Debug|Any CPU
		{14DB22F4-349C-43EB-A871-4A8D9AB63084}.Debug|Any CPU.Build.0 = Debug|Any CPU
		{14DB22F4-349C-43EB-A871-4A8D9AB63084}.Release|Any CPU.ActiveCfg = Release|Any CPU
		{14DB22F4-349C-43EB-A871-4A8D9AB63084}.Release|Any CPU.Build.0 = Release|Any CPU
	EndGlobalSection
	GlobalSection(SolutionProperties) = preSolution
		HideSolutionNode = FALSE
	EndGlobalSection
	GlobalSection(ExtensibilityGlobals) = postSolution
		SolutionGuid = {711A52AF-C58E-4C14-A1FA-467265D1720B}
	EndGlobalSection
EndGlobal
